
Microsoft Visual Studio Solution File, Format Version 12.00
# Visual Studio Version 17
VisualStudioVersion = 17.2.32516.85
MinimumVisualStudioVersion = 10.0.40219.1
Project("{FAE04EC0-301F-11D3-BF4B-00C04F79EFBC}") = "WPFSimpleChatApp", "WPFSimpleChatApp.csproj", "{96D43B20-C68A-4EAA-BE19-6A22BCB26079}"
EndProject
Global
	GlobalSection(SolutionConfigurationPlatforms) = preSolution
		Debug|Any CPU = Debug|Any CPU
		Release|Any CPU = Release|Any CPU
	EndGlobalSection
	GlobalSection(ProjectConfigurationPlatforms) = postSolution
		{96D43B20-C68A-4EAA-BE19-6A22BCB26079}.Debug|Any CPU.ActiveCfg = Debug|Any CPU
		{96D43B20-C68A-4EAA-BE19-6A22BCB26079}.Debug|Any CPU.Build.0 = Debug|Any CPU
		{96D43B20-C68A-4EAA-BE19-6A22BCB26079}.Release|Any CPU.ActiveCfg = Release|Any CPU
		{96D43B20-C68A-4EAA-BE19-6A22BCB26079}.Release|Any CPU.Build.0 = Release|Any CPU
	EndGlobalSection
	GlobalSection(SolutionProperties) = preSolution
		HideSolutionNode = FALSE
	EndGlobalSection
	GlobalSection(ExtensibilityGlobals) = postSolution
		SolutionGuid = {6A9EEC43-3CD2-4E4C-AA07-03AC6CC7CE0F}
	EndGlobalSection
EndGlobal
